
Microsoft Visual Studio Solution File, Format Version 12.00
# Visual Studio 15
VisualStudioVersion = 15.0.27703.2042
MinimumVisualStudioVersion = 10.0.40219.1
Project("{FAE04EC0-301F-11D3-BF4B-00C04F79EFBC}") = "HW_5_Klyushin", "HW_5_Klyushin\HW_5_Klyushin.csproj", "{3BACD025-7D8A-469A-9BCA-30625485EF4A}"
EndProject
Global
	GlobalSection(SolutionConfigurationPlatforms) = preSolution
		Debug|Any CPU = Debug|Any CPU
		Release|Any CPU = Release|Any CPU
	EndGlobalSection
	GlobalSection(ProjectConfigurationPlatforms) = postSolution
		{3BACD025-7D8A-469A-9BCA-30625485EF4A}.Debug|Any CPU.ActiveCfg = Debug|Any CPU
		{3BACD025-7D8A-469A-9BCA-30625485EF4A}.Debug|Any CPU.Build.0 = Debug|Any CPU
		{3BACD025-7D8A-469A-9BCA-30625485EF4A}.Release|Any CPU.ActiveCfg = Release|Any CPU
		{3BACD025-7D8A-469A-9BCA-30625485EF4A}.Release|Any CPU.Build.0 = Release|Any CPU
	EndGlobalSection
	GlobalSection(SolutionProperties) = preSolution
		HideSolutionNode = FALSE
	EndGlobalSection
	GlobalSection(ExtensibilityGlobals) = postSolution
		SolutionGuid = {BB0C82C2-4FBC-46A0-96ED-78D3C4A73705}
	EndGlobalSection
EndGlobal
